
Microsoft Visual Studio Solution File, Format Version 12.00
# Visual Studio Version 17
VisualStudioVersion = 17.7.34018.315
MinimumVisualStudioVersion = 10.0.40219.1
Project("{9A19103F-16F7-4668-BE54-9A1E7A4F7556}") = "FleetManagementSystem", "FleetManagementSystem\FleetManagementSystem.csproj", "{384C36FE-E1BA-4CBE-959B-220C227C8B65}"
EndProject
Global
	GlobalSection(SolutionConfigurationPlatforms) = preSolution
		Debug|Any CPU = Debug|Any CPU
		Debug|x64 = Debug|x64
		Release|Any CPU = Release|Any CPU
		Release|x64 = Release|x64
	EndGlobalSection
	GlobalSection(ProjectConfigurationPlatforms) = postSolution
		{384C36FE-E1BA-4CBE-959B-220C227C8B65}.Debug|Any CPU.ActiveCfg = Debug|Any CPU
		{384C36FE-E1BA-4CBE-959B-220C227C8B65}.Debug|Any CPU.Build.0 = Debug|Any CPU
		{384C36FE-E1BA-4CBE-959B-220C227C8B65}.Debug|x64.ActiveCfg = Debug|x64
		{384C36FE-E1BA-4CBE-959B-220C227C8B65}.Debug|x64.Build.0 = Debug|x64
		{384C36FE-E1BA-4CBE-959B-220C227C8B65}.Release|Any CPU.ActiveCfg = Release|Any CPU
		{384C36FE-E1BA-4CBE-959B-220C227C8B65}.Release|Any CPU.Build.0 = Release|Any CPU
		{384C36FE-E1BA-4CBE-959B-220C227C8B65}.Release|x64.ActiveCfg = Release|x64
		{384C36FE-E1BA-4CBE-959B-220C227C8B65}.Release|x64.Build.0 = Release|x64
	EndGlobalSection
	GlobalSection(SolutionProperties) = preSolution
		HideSolutionNode = FALSE
	EndGlobalSection
	GlobalSection(ExtensibilityGlobals) = postSolution
		SolutionGuid = {D32D005C-3680-4636-84DC-22D2843062F4}
	EndGlobalSection
EndGlobal
